
Microsoft Visual Studio Solution File, Format Version 12.00
# Visual Studio Version 17
VisualStudioVersion = 17.13.35931.197 d17.13
MinimumVisualStudioVersion = 10.0.40219.1
Project("{FAE04EC0-301F-11D3-BF4B-00C04F79EFBC}") = "NetflixTrackerAPI", "NetflixTrackerAPI\NetflixTrackerAPI.csproj", "{7F222623-6CCC-4284-AB41-0A36C1E1603D}"
EndProject
Global
	GlobalSection(SolutionConfigurationPlatforms) = preSolution
		Debug|Any CPU = Debug|Any CPU
		Release|Any CPU = Release|Any CPU
	EndGlobalSection
	GlobalSection(ProjectConfigurationPlatforms) = postSolution
		{7F222623-6CCC-4284-AB41-0A36C1E1603D}.Debug|Any CPU.ActiveCfg = Debug|Any CPU
		{7F222623-6CCC-4284-AB41-0A36C1E1603D}.Debug|Any CPU.Build.0 = Debug|Any CPU
		{7F222623-6CCC-4284-AB41-0A36C1E1603D}.Release|Any CPU.ActiveCfg = Release|Any CPU
		{7F222623-6CCC-4284-AB41-0A36C1E1603D}.Release|Any CPU.Build.0 = Release|Any CPU
	EndGlobalSection
	GlobalSection(SolutionProperties) = preSolution
		HideSolutionNode = FALSE
	EndGlobalSection
	GlobalSection(ExtensibilityGlobals) = postSolution
		SolutionGuid = {7881F9BE-6F18-46EF-B82A-747A1974F312}
	EndGlobalSection
EndGlobal
